
Microsoft Visual Studio Solution File, Format Version 12.00
# Visual Studio Version 17
VisualStudioVersion = 17.8.34330.188
MinimumVisualStudioVersion = 10.0.40219.1
Project("{FAE04EC0-301F-11D3-BF4B-00C04F79EFBC}") = "SpravochnikTurista", "SpravochnikTurista#1\SpravochnikTurista.csproj", "{24302CF1-4F21-43E6-9757-E6FE642AD98F}"
EndProject
Global
	GlobalSection(SolutionConfigurationPlatforms) = preSolution
		Debug|Any CPU = Debug|Any CPU
		Release|Any CPU = Release|Any CPU
	EndGlobalSection
	GlobalSection(ProjectConfigurationPlatforms) = postSolution
		{24302CF1-4F21-43E6-9757-E6FE642AD98F}.Debug|Any CPU.ActiveCfg = Debug|Any CPU
		{24302CF1-4F21-43E6-9757-E6FE642AD98F}.Debug|Any CPU.Build.0 = Debug|Any CPU
		{24302CF1-4F21-43E6-9757-E6FE642AD98F}.Release|Any CPU.ActiveCfg = Release|Any CPU
		{24302CF1-4F21-43E6-9757-E6FE642AD98F}.Release|Any CPU.Build.0 = Release|Any CPU
	EndGlobalSection
	GlobalSection(SolutionProperties) = preSolution
		HideSolutionNode = FALSE
	EndGlobalSection
	GlobalSection(ExtensibilityGlobals) = postSolution
		SolutionGuid = {FAD3C667-C606-48C3-ADEF-C723D26CD1F8}
	EndGlobalSection
EndGlobal
